	<Project xmlns="http://schemas.microsoft.com/developer/msbuild/2003">
		<PropertyGroup>
			<ProjectGuid>{CF3F37B6-531B-490C-A574-127ABF30A3FC}</ProjectGuid>
			<ProjectVersion>13.4</ProjectVersion>
			<FrameworkType>VCL</FrameworkType>
			<MainSource>Project.dpr</MainSource>
			<Base>True</Base>
			<Config Condition="'$(Config)'==''">Debug</Config>
			<Platform Condition="'$(Platform)'==''">Win32</Platform>
			<TargetedPlatforms>1</TargetedPlatforms>
			<AppType>Application</AppType>
		</PropertyGroup>
		<PropertyGroup Condition="'$(Config)'=='Base' or '$(Base)'!=''">
			<Base>true</Base>
		</PropertyGroup>
		<PropertyGroup Condition="('$(Platform)'=='Win32' and '$(Base)'=='true') or '$(Base_Win32)'!=''">
			<Base_Win32>true</Base_Win32>
			<CfgParent>Base</CfgParent>
			<Base>true</Base>
		</PropertyGroup>
		<PropertyGroup Condition="'$(Config)'=='Debug' or '$(Cfg_1)'!=''">
			<Cfg_1>true</Cfg_1>
			<CfgParent>Base</CfgParent>
			<Base>true</Base>
		</PropertyGroup>
		<PropertyGroup Condition="('$(Platform)'=='Win32' and '$(Cfg_1)'=='true') or '$(Cfg_1_Win32)'!=''">
			<Cfg_1_Win32>true</Cfg_1_Win32>
			<CfgParent>Cfg_1</CfgParent>
			<Cfg_1>true</Cfg_1>
			<Base>true</Base>
		</PropertyGroup>
		<PropertyGroup Condition="'$(Config)'=='Release' or '$(Cfg_2)'!=''">
			<Cfg_2>true</Cfg_2>
			<CfgParent>Base</CfgParent>
			<Base>true</Base>
		</PropertyGroup>
		<PropertyGroup Condition="'$(Base)'!=''">
			<DCC_Namespace>System;Xml;Data;Datasnap;Web;Soap;Vcl;Vcl.Imaging;Vcl.Touch;Vcl.Samples;Vcl.Shell;$(DCC_Namespace)</DCC_Namespace>
			<Icon_MainIcon>$(BDS)\bin\delphi_PROJECTICON.ico</Icon_MainIcon>
			<DCC_UsePackage>fmx;IndySystem;DBXInterBaseDriver;DataSnapClient;DataSnapCommon;DataSnapServer;DataSnapProviderClient;DbxCommonDriver;dbxcds;DBXOracleDriver;CustomIPTransport;dsnap;IndyCore;FmxTeeUI;inetdbxpress;IPIndyImpl;bindcompfmx;rtl;dbrtl;DbxClientDriver;bindcomp;inetdb;xmlrtl;ibxpress;IndyProtocols;DBXMySQLDriver;FMXTee;bindengine;DBXInformixDriver;DBXFirebirdDriver;inet;DBXSybaseASADriver;dbexpress;DataSnapIndy10ServerTransport;$(DCC_UsePackage)</DCC_UsePackage>
			<DCC_DcuOutput>.\$(Platform)\$(Config)</DCC_DcuOutput>
			<DCC_ExeOutput>.\$(Platform)\$(Config)</DCC_ExeOutput>
		</PropertyGroup>
		<PropertyGroup Condition="'$(Base_Win32)'!=''">
			<DCC_UsePackage>fsADO16;JvGlobus;ACBr_Convenio115;JvMM;JvManagedThreads;ACBr_BoletoFR;ACBr_LCDPR;ACBr_BoletoRL;ACBr_EDI;VDO;ACBr_GNRE;JvDlgs;JvCrypt;TeeDB;ACBr_Diversos;ACBr_NFeDanfeFR;STFStandard;ACBr_CIOT;frxTee16;vclib;inetdbbde;frxBDE16;ACBr_NFeDanfeESCPOS;ACBre_Social;JvNet;ACBr_BlocoX;JvDotNetCtrls;DBXSybaseASEDriver;fsIBX16;SynEdit_R;vclimg;ACBr_MDFeDamdfeFR;ACBr_NF3e;ACBr_Comum;ACBr_NFSeDanfseFR;JvXPCtrls;ACBr_ONE;ACBr_BPeDabpeESCPOS;vcldb;vcldsnap;ACBr_MDFeDamdfeRL;STFTemplates;ACBr_SATExtratoESCPOS;DBXDb2Driver;STFVisual;frce;ACBr_PagFor;JvCore;frxADO16;vclribbon;frxe16;ACBr_Serial;ACBr_SPED;ACBr_MDFe;vcl;ACBr_NFSeDanfseRL;ACBr_GNREGuiaRL;NativeExcelXE2;CloudService;DBXMSSQLDriver;CodeSiteExpressPkg;STFDesign;ACBr_NF3eDANF3eESCPOS;ACBr_Boleto;TreeListViewPackage;fsTee16;ACBr_Sintegra;ACBr_SAT;JvAppFrm;JvDB;JvRuntimeDesign;ACBr_CTeDacteFR;ACBr_NFSe;ACBr_Ponto;JclDeveloperTools;ACBr_LFD;ACBR_DeSTDA;JvDocking;adortl;JvWizards;ACBr_TCP;JvHMI;ACBr_SEF2;frxDBX16;STFAdditional;ACBr_PAF;JvBands;vcldbx;SearchBarPackage;ACBr_NFSeX;frx16;JvPluginSystem;STFDataAccess;ACBr_MTER;Tee;JclContainers;ACBr_NFe;DBXOdbcDriver;ACBr_CTe;JvCmp;ACBr_ANe;ACBr_GNREGuiaFR;CPortLibDXE;JvSystem;svnui;JvTimeFramework;JvControls;ACBr_NFCeECFVirtual;fsBDE16;frxDB16;ACBr_NFeDanfeRL;fs16;vclactnband;TeeUI;JvJans;JvPageComps;bindcompvcl;JvStdCtrls;JvCustom;Jcl;vclie;JvPrintPreview;ACBr_BPe;ACBr_OpenSSL;ACBr_CTeDacteRL;vcltouch;ACBr_TEFD;ACBr_Integrador;ACBr_Reinf;ACBr_SATWS;ACBr_ADRCST;VclSmp;fsDB16;DataSnapConnectors;ACBr_SATExtratoRL;ACBr_SATECFVirtual;dsnapcon;ACBr_NFSeXDanfseRL;JclVcl;JvPascalInterpreter;ACBr_SATExtratoFR;vclx;ACBr_SPEDImportar;svn;bdertl;frxIBX16;EurekaLogCore;JvBDE;$(DCC_UsePackage)</DCC_UsePackage>
			<VerInfo_IncludeVerInfo>true</VerInfo_IncludeVerInfo>
			<DCC_Namespace>Winapi;System.Win;Data.Win;Datasnap.Win;Web.Win;Soap.Win;Xml.Win;Bde;$(DCC_Namespace)</DCC_Namespace>
			<VerInfo_Locale>1033</VerInfo_Locale>
			<Manifest_File>$(BDS)\bin\default_app.manifest</Manifest_File>
			<VerInfo_Keys>CompanyName=;FileDescription=;FileVersion=1.0.0.0;InternalName=;LegalCopyright=;LegalTrademarks=;OriginalFilename=;ProductName=;ProductVersion=1.0.0.0;Comments=</VerInfo_Keys>
		</PropertyGroup>
		<PropertyGroup Condition="'$(Cfg_1)'!=''">
			<DCC_Define>DEBUG;$(DCC_Define)</DCC_Define>
			<DCC_Optimize>false</DCC_Optimize>
			<DCC_GenerateStackFrames>true</DCC_GenerateStackFrames>
			<DCC_DebugInfoInExe>true</DCC_DebugInfoInExe>
			<DCC_RemoteDebug>true</DCC_RemoteDebug>
		</PropertyGroup>
		<PropertyGroup Condition="'$(Cfg_1_Win32)'!=''">
			<DCC_RemoteDebug>false</DCC_RemoteDebug>
		</PropertyGroup>
		<PropertyGroup Condition="'$(Cfg_2)'!=''">
			<DCC_LocalDebugSymbols>false</DCC_LocalDebugSymbols>
			<DCC_Define>RELEASE;$(DCC_Define)</DCC_Define>
			<DCC_SymbolReferenceInfo>0</DCC_SymbolReferenceInfo>
			<DCC_DebugInformation>false</DCC_DebugInformation>
		</PropertyGroup>
		<ItemGroup>
			<DelphiCompile Include="$(MainSource)">
				<MainSource>MainSource</MainSource>
			</DelphiCompile>
			<DCCReference Include="unt.pas">
				<Form>Frm</Form>
				<FormType>dfm</FormType>
			</DCCReference>
			<BuildConfiguration Include="Release">
				<Key>Cfg_2</Key>
				<CfgParent>Base</CfgParent>
			</BuildConfiguration>
			<BuildConfiguration Include="Base">
				<Key>Base</Key>
			</BuildConfiguration>
			<BuildConfiguration Include="Debug">
				<Key>Cfg_1</Key>
				<CfgParent>Base</CfgParent>
			</BuildConfiguration>
		</ItemGroup>
		<ProjectExtensions>
			<Borland.Personality>Delphi.Personality.12</Borland.Personality>
			<Borland.ProjectType/>
			<BorlandProject>
				<Delphi.Personality>
					<VersionInfo>
						<VersionInfo Name="IncludeVerInfo">False</VersionInfo>
						<VersionInfo Name="AutoIncBuild">False</VersionInfo>
						<VersionInfo Name="MajorVer">1</VersionInfo>
						<VersionInfo Name="MinorVer">0</VersionInfo>
						<VersionInfo Name="Release">0</VersionInfo>
						<VersionInfo Name="Build">0</VersionInfo>
						<VersionInfo Name="Debug">False</VersionInfo>
						<VersionInfo Name="PreRelease">False</VersionInfo>
						<VersionInfo Name="Special">False</VersionInfo>
						<VersionInfo Name="Private">False</VersionInfo>
						<VersionInfo Name="DLL">False</VersionInfo>
						<VersionInfo Name="Locale">1046</VersionInfo>
						<VersionInfo Name="CodePage">1252</VersionInfo>
					</VersionInfo>
					<VersionInfoKeys>
						<VersionInfoKeys Name="CompanyName"/>
						<VersionInfoKeys Name="FileDescription"/>
						<VersionInfoKeys Name="FileVersion">1.0.0.0</VersionInfoKeys>
						<VersionInfoKeys Name="InternalName"/>
						<VersionInfoKeys Name="LegalCopyright"/>
						<VersionInfoKeys Name="LegalTrademarks"/>
						<VersionInfoKeys Name="OriginalFilename"/>
						<VersionInfoKeys Name="ProductName"/>
						<VersionInfoKeys Name="ProductVersion">1.0.0.0</VersionInfoKeys>
						<VersionInfoKeys Name="Comments"/>
					</VersionInfoKeys>
					<Excluded_Packages>
						<Excluded_Packages Name="$(BDSBIN)\dcloffice2k160.bpl">Microsoft Office 2000 Sample Automation Server Wrapper Components</Excluded_Packages>
						<Excluded_Packages Name="$(BDSBIN)\dclofficexp160.bpl">Microsoft Office XP Sample Automation Server Wrapper Components</Excluded_Packages>
					</Excluded_Packages>
					<Source>
						<Source Name="MainSource">Project.dpr</Source>
					</Source>
				</Delphi.Personality>
				<Deployment/>
				<Platforms>
					<Platform value="Win32">True</Platform>
				</Platforms>
			</BorlandProject>
			<ProjectFileVersion>12</ProjectFileVersion>
		</ProjectExtensions>
		<Import Condition="Exists('$(BDS)\Bin\CodeGear.Delphi.Targets')" Project="$(BDS)\Bin\CodeGear.Delphi.Targets"/>
		<Import Condition="Exists('$(APPDATA)\Embarcadero\$(BDSAPPDATABASEDIR)\$(PRODUCTVERSION)\UserTools.proj')" Project="$(APPDATA)\Embarcadero\$(BDSAPPDATABASEDIR)\$(PRODUCTVERSION)\UserTools.proj"/>
	</Project>
